lockfileVersion: '9.0'

settings:
  autoInstallPeers: true
  excludeLinksFromLockfile: false

importers:

  .:
    dependencies:
      '@bpmn-io/form-js':
        specifier: ^1.18.0
        version: 1.19.0
      bpmn-js:
        specifier: ^14.2.0
        version: 14.2.0
      datatables.net-dt:
        specifier: ^2.3.6
        version: 2.3.7
      datatables.net-responsive-dt:
        specifier: ^3.0.7
        version: 3.0.8
      datatables.net-vue3:
        specifier: ^3.0.4
        version: 3.0.4(datatables.net@2.3.7)(vue@3.5.28)
      jquery:
        specifier: ^3.7.0
        version: 3.7.1
      vue:
        specifier: ^3.4.0
        version: 3.5.28
    devDependencies:
      '@vitejs/plugin-vue':
        specifier: ^5.0.0
        version: 5.2.4(vite@5.4.21)(vue@3.5.28)
      vite:
        specifier: ^5.0.0
        version: 5.4.21

packages:

  '@babel/helper-string-parser@7.27.1':
    resolution: {integrity: sha512-qMlSxKbpRlAridDExk92nSobyDdpPijUq2DW6oDnUqd0iOGxmQjyqhMIihI9+zv4LPyZdRje2cavWPbCbWm3eA==}
    engines: {node: '>=6.9.0'}

  '@babel/helper-validator-identifier@7.28.5':
    resolution: {integrity: sha512-qSs4ifwzKJSV39ucNjsvc6WVHs6b7S03sOh2OcHF9UHfVPqWWALUsNUVzhSBiItjRZoLHx7nIarVjqKVusUZ1Q==}
    engines: {node: '>=6.9.0'}

  '@babel/parser@7.29.0':
    resolution: {integrity: sha512-IyDgFV5GeDUVX4YdF/3CPULtVGSXXMLh1xVIgdCgxApktqnQV0r7/8Nqthg+8YLGaAtdyIlo2qIdZrbCv4+7ww==}
    engines: {node: '>=6.0.0'}
    hasBin: true

  '@babel/types@7.29.0':
    resolution: {integrity: sha512-LwdZHpScM4Qz8Xw2iKSzS+cfglZzJGvofQICy7W7v4caru4EaAmyUuO6BGrbyQ2mYV11W0U8j5mBhd14dd3B0A==}
    engines: {node: '>=6.9.0'}

  '@bpmn-io/cm-theme@0.1.0-alpha.2':
    resolution: {integrity: sha512-ZILgiYzxk3KMvxplUXmdRFQo45/JehDPg5k9tWfehmzUOSE13ssyLPil8uCloMQnb3yyzyOWTjb/wzKXTHlFQw==}

  '@bpmn-io/diagram-js-ui@0.2.3':
    resolution: {integrity: sha512-OGyjZKvGK8tHSZ0l7RfeKhilGoOGtFDcoqSGYkX0uhFlo99OVZ9Jn1K7TJGzcE9BdKwvA5Y5kGqHEhdTxHvFfw==}

  '@bpmn-io/draggle@4.1.2':
    resolution: {integrity: sha512-k7Al5tZA5GZ6KvrsuJ+PFleB3y9WUgEr4KErD6t82Uw1SMn6IK3dXFLhwLxxzga4IrmTGke7wZWdqg6vGOxoTw==}

  '@bpmn-io/feel-editor@2.5.0':
    resolution: {integrity: sha512-3u7hUHpuZg+F2w88/DIYnrAjb/pCQOrcdBo0de8A0FXz1e3+voNoe2fehNo7o0F7wNC3bR92xb1W4f5xuwzO8A==}
    engines: {node: '>= 20'}

  '@bpmn-io/feel-lint@3.1.0':
    resolution: {integrity: sha512-nOCYWMXgwR0joU4XKhu4f3P5f4/AsmuyiV1e+fzcXTCh7iMLU8VYdHXSIzZuJ0zxz3Gsnp7A8S8lt+HJ43H6IA==}

  '@bpmn-io/feelin@6.1.0':
    resolution: {integrity: sha512-nqmmlHRD9tl0ZcpYTEkZdpc/rAMoYc+ct0SOg9fFIFWRaEApme3DuXC7v9AMA5g+upGCKd6cUc3t97y+unpfMw==}
    engines: {node: '>= 20.12.0'}

  '@bpmn-io/form-js-carbon-styles@1.19.0':
    resolution: {integrity: sha512-k/m0oW/0lIAiTHfQ0GsnAG594/+81/5uS8N65tjQ/vGJjYuDqjwvu4y15v4HlzMCotdBuZbJlOGqhxo2MkuV+g==}

  '@bpmn-io/form-js-editor@1.19.0':
    resolution: {integrity: sha512-B/d5UxY/TiuVn3664PBl9KtvqFe5nb7an4c8y7re/hhMnWl7ocKGz/iEusgxMjEJUiARVGpeXF85GeFtgyQrrg==}

  '@bpmn-io/form-js-playground@1.19.0':
    resolution: {integrity: sha512-RrZleOyJ2bqgWath/fgY4dQefC5cQH3PtKvXqfvHcF04qkKCAFux+rkUjSNxT17OADCByUqFgK/nogCk9g7iqA==}

  '@bpmn-io/form-js-viewer@1.19.0':
    resolution: {integrity: sha512-rUg/IhntnAOsElhr1NLf08v7b/r0gmFo2xr55KxbgivoKmzjEK7JVzDcCkd8UotZd0Kt1wE4bdCp3VJkZE2Xhw==}

  '@bpmn-io/form-js@1.19.0':
    resolution: {integrity: sha512-ovhSk+LakumtRCRPYH3KEXMO/Ub93mf3+jLqq7ec8+uhuhzca/80y74OrodU4iXamcf82+DDUWFLEo+LC0gRNA==}

  '@bpmn-io/lang-feel@3.0.0':
    resolution: {integrity: sha512-t/k0z5AW18J7Qz2i/bIFAlvlcS63RuyQB9OQ0YiC1WyMosxXRAnv98LHnVbwirx9vje1DLll85tkBT2B8KLjmQ==}
    engines: {node: '>= 20.12.0'}

  '@bpmn-io/lezer-feel@2.3.0':
    resolution: {integrity: sha512-GU6UwiBZP2imXkDOXhNWdlBWCjZjDj0QcR+zEWRDK5jDHDFdN1wUZjOvYpZIKFpNJd3JRHY6uz3Ynqu/THn3gA==}
    engines: {node: '>= 20.12.0'}

  '@bpmn-io/properties-panel@3.39.0':
    resolution: {integrity: sha512-TWlZ3Z2DlzZzVGM7hZUVxd7P+KCUcrXGVKbaII/5IEQyjiiX34VkJRVGp86k7fRf0vgIKjPcPTHKpoYSthld7g==}

  '@camunda/feel-builtins@1.0.0':
    resolution: {integrity: sha512-/0w86UVmNcNqlZB9n/4Ro5wqHt+JuBKwD8kt+O7ASxSqs80D1y4BMfgu+We+O7cA8MWbt9eNKUjwRgGf4f75TQ==}

  '@carbon/grid@11.50.0':
    resolution: {integrity: sha512-TzDPTTm6SoUK13AwrBlJEBM//k1TfhvG9ZchpfsQrt0QJPaM4HgIOrLGXTwj/Mye4xXLV7uIglQsL30821dYtA==}

  '@carbon/icons@11.75.0':
    resolution: {integrity: sha512-OjBGODUgBmA0z7FhXwXJZCXO5g36MRXXvNpJgVn4Bx3GRJ/5855Q6LuNb8okNnFn3wsgx5pVd1PFQqyJLrH29g==}

  '@carbon/layout@11.48.0':
    resolution: {integrity: sha512-c8VGSqHJ8cEqBqT2Au0cJK6vuhpimxoBCtHDK/bPRwgce2tjYcoBIGxY8QVMs2woKoQcgCKtluKyo/drEZWYww==}

  '@codemirror/autocomplete@6.20.0':
    resolution: {integrity: sha512-bOwvTOIJcG5FVo5gUUupiwYh8MioPLQ4UcqbcRf7UQ98X90tCa9E1kZ3Z7tqwpZxYyOvh1YTYbmZE9RTfTp5hg==}

  '@codemirror/commands@6.10.2':
    resolution: {integrity: sha512-vvX1fsih9HledO1c9zdotZYUZnE4xV0m6i3m25s5DIfXofuprk6cRcLUZvSk3CASUbwjQX21tOGbkY2BH8TpnQ==}

  '@codemirror/lang-json@6.0.2':
    resolution: {integrity: sha512-x2OtO+AvwEHrEwR0FyyPtfDUiloG3rnVTSZV1W8UteaLL8/MajQd8DpvUb2YVzC+/T18aSDv0H9mu+xw0EStoQ==}

  '@codemirror/language@6.12.1':
    resolution: {integrity: sha512-Fa6xkSiuGKc8XC8Cn96T+TQHYj4ZZ7RdFmXA3i9xe/3hLHfwPZdM+dqfX0Cp0zQklBKhVD8Yzc8LS45rkqcwpQ==}

  '@codemirror/lint@6.9.4':
    resolution: {integrity: sha512-ABc9vJ8DEmvOWuH26P3i8FpMWPQkduD9Rvba5iwb6O3hxASgclm3T3krGo8NASXkHCidz6b++LWlzWIUfEPSWw==}

  '@codemirror/search@6.6.0':
    resolution: {integrity: sha512-koFuNXcDvyyotWcgOnZGmY7LZqEOXZaaxD/j6n18TCLx2/9HieZJ5H6hs1g8FiRxBD0DNfs0nXn17g872RmYdw==}

  '@codemirror/state@6.5.4':
    resolution: {integrity: sha512-8y7xqG/hpB53l25CIoit9/ngxdfoG+fx+V3SHBrinnhOtLvKHRyAJJuHzkWrR4YXXLX8eXBsejgAAxHUOdW1yw==}

  '@codemirror/view@6.39.14':
    resolution: {integrity: sha512-WJcvgHm/6Q7dvGT0YFv/6PSkoc36QlR0VCESS6x9tGsnF1lWLmmYxOgX3HH6v8fo6AvSLgpcs+H0Olre6MKXlg==}

  '@esbuild/aix-ppc64@0.21.5':
    resolution: {integrity: sha512-1SDgH6ZSPTlggy1yI6+Dbkiz8xzpHJEVAlF/AM1tHPLsf5STom9rwtjE4hKAF20FfXXNTFqEYXyJNWh1GiZedQ==}
    engines: {node: '>=12'}
    cpu: [ppc64]
    os: [aix]

  '@esbuild/android-arm64@0.21.5':
    resolution: {integrity: sha512-c0uX9VAUBQ7dTDCjq+wdyGLowMdtR/GoC2U5IYk/7D1H1JYC0qseD7+11iMP2mRLN9RcCMRcjC4YMclCzGwS/A==}
    engines: {node: '>=12'}
    cpu: [arm64]
    os: [android]

  '@esbuild/android-arm@0.21.5':
    resolution: {integrity: sha512-vCPvzSjpPHEi1siZdlvAlsPxXl7WbOVUBBAowWug4rJHb68Ox8KualB+1ocNvT5fjv6wpkX6o/iEpbDrf68zcg==}
    engines: {node: '>=12'}
    cpu: [arm]
    os: [android]

  '@esbuild/android-x64@0.21.5':
    resolution: {integrity: sha512-D7aPRUUNHRBwHxzxRvp856rjUHRFW1SdQATKXH2hqA0kAZb1hKmi02OpYRacl0TxIGz/ZmXWlbZgjwWYaCakTA==}
    engines: {node: '>=12'}
    cpu: [x64]
    os: [android]

  '@esbuild/darwin-arm64@0.21.5':
    resolution: {integrity: sha512-DwqXqZyuk5AiWWf3UfLiRDJ5EDd49zg6O9wclZ7kUMv2WRFr4HKjXp/5t8JZ11QbQfUS6/cRCKGwYhtNAY88kQ==}
    engines: {node: '>=12'}
    cpu: [arm64]
    os: [darwin]

  '@esbuild/darwin-x64@0.21.5':
    resolution: {integrity: sha512-se/JjF8NlmKVG4kNIuyWMV/22ZaerB+qaSi5MdrXtd6R08kvs2qCN4C09miupktDitvh8jRFflwGFBQcxZRjbw==}
    engines: {node: '>=12'}
    cpu: [x64]
    os: [darwin]

  '@esbuild/freebsd-arm64@0.21.5':
    resolution: {integrity: sha512-5JcRxxRDUJLX8JXp/wcBCy3pENnCgBR9bN6JsY4OmhfUtIHe3ZW0mawA7+RDAcMLrMIZaf03NlQiX9DGyB8h4g==}
    engines: {node: '>=12'}
    cpu: [arm64]
    os: [freebsd]

  '@esbuild/freebsd-x64@0.21.5':
    resolution: {integrity: sha512-J95kNBj1zkbMXtHVH29bBriQygMXqoVQOQYA+ISs0/2l3T9/kj42ow2mpqerRBxDJnmkUDCaQT/dfNXWX/ZZCQ==}
    engines: {node: '>=12'}
    cpu: [x64]
    os: [freebsd]

  '@esbuild/linux-arm64@0.21.5':
    resolution: {integrity: sha512-ibKvmyYzKsBeX8d8I7MH/TMfWDXBF3db4qM6sy+7re0YXya+K1cem3on9XgdT2EQGMu4hQyZhan7TeQ8XkGp4Q==}
    engines: {node: '>=12'}
    cpu: [arm64]
    os: [linux]

  '@esbuild/linux-arm@0.21.5':
    resolution: {integrity: sha512-bPb5AHZtbeNGjCKVZ9UGqGwo8EUu4cLq68E95A53KlxAPRmUyYv2D6F0uUI65XisGOL1hBP5mTronbgo+0bFcA==}
    engines: {node: '>=12'}
    cpu: [arm]
    os: [linux]

  '@esbuild/linux-ia32@0.21.5':
    resolution: {integrity: sha512-YvjXDqLRqPDl2dvRODYmmhz4rPeVKYvppfGYKSNGdyZkA01046pLWyRKKI3ax8fbJoK5QbxblURkwK/MWY18Tg==}
    engines: {node: '>=12'}
    cpu: [ia32]
    os: [linux]

  '@esbuild/linux-loong64@0.21.5':
    resolution: {integrity: sha512-uHf1BmMG8qEvzdrzAqg2SIG/02+4/DHB6a9Kbya0XDvwDEKCoC8ZRWI5JJvNdUjtciBGFQ5PuBlpEOXQj+JQSg==}
    engines: {node: '>=12'}
    cpu: [loong64]
    os: [linux]

  '@esbuild/linux-mips64el@0.21.5':
    resolution: {integrity: sha512-IajOmO+KJK23bj52dFSNCMsz1QP1DqM6cwLUv3W1QwyxkyIWecfafnI555fvSGqEKwjMXVLokcV5ygHW5b3Jbg==}
    engines: {node: '>=12'}
    cpu: [mips64el]
    os: [linux]

  '@esbuild/linux-ppc64@0.21.5':
    resolution: {integrity: sha512-1hHV/Z4OEfMwpLO8rp7CvlhBDnjsC3CttJXIhBi+5Aj5r+MBvy4egg7wCbe//hSsT+RvDAG7s81tAvpL2XAE4w==}
    engines: {node: '>=12'}
    cpu: [ppc64]
    os: [linux]

  '@esbuild/linux-riscv64@0.21.5':
    resolution: {integrity: sha512-2HdXDMd9GMgTGrPWnJzP2ALSokE/0O5HhTUvWIbD3YdjME8JwvSCnNGBnTThKGEB91OZhzrJ4qIIxk/SBmyDDA==}
    engines: {node: '>=12'}
    cpu: [riscv64]
    os: [linux]

  '@esbuild/linux-s390x@0.21.5':
    resolution: {integrity: sha512-zus5sxzqBJD3eXxwvjN1yQkRepANgxE9lgOW2qLnmr8ikMTphkjgXu1HR01K4FJg8h1kEEDAqDcZQtbrRnB41A==}
    engines: {node: '>=12'}
    cpu: [s390x]
    os: [linux]

  '@esbuild/linux-x64@0.21.5':
    resolution: {integrity: sha512-1rYdTpyv03iycF1+BhzrzQJCdOuAOtaqHTWJZCWvijKD2N5Xu0TtVC8/+1faWqcP9iBCWOmjmhoH94dH82BxPQ==}
    engines: {node: '>=12'}
    cpu: [x64]
    os: [linux]

  '@esbuild/netbsd-x64@0.21.5':
    resolution: {integrity: sha512-Woi2MXzXjMULccIwMnLciyZH4nCIMpWQAs049KEeMvOcNADVxo0UBIQPfSmxB3CWKedngg7sWZdLvLczpe0tLg==}
    engines: {node: '>=12'}
    cpu: [x64]
    os: [netbsd]

  '@esbuild/openbsd-x64@0.21.5':
    resolution: {integrity: sha512-HLNNw99xsvx12lFBUwoT8EVCsSvRNDVxNpjZ7bPn947b8gJPzeHWyNVhFsaerc0n3TsbOINvRP2byTZ5LKezow==}
    engines: {node: '>=12'}
    cpu: [x64]
    os: [openbsd]

  '@esbuild/sunos-x64@0.21.5':
    resolution: {integrity: sha512-6+gjmFpfy0BHU5Tpptkuh8+uw3mnrvgs+dSPQXQOv3ekbordwnzTVEb4qnIvQcYXq6gzkyTnoZ9dZG+D4garKg==}
    engines: {node: '>=12'}
    cpu: [x64]
    os: [sunos]

  '@esbuild/win32-arm64@0.21.5':
    resolution: {integrity: sha512-Z0gOTd75VvXqyq7nsl93zwahcTROgqvuAcYDUr+vOv8uHhNSKROyU961kgtCD1e95IqPKSQKH7tBTslnS3tA8A==}
    engines: {node: '>=12'}
    cpu: [arm64]
    os: [win32]

  '@esbuild/win32-ia32@0.21.5':
    resolution: {integrity: sha512-SWXFF1CL2RVNMaVs+BBClwtfZSvDgtL//G/smwAc5oVK/UPu2Gu9tIaRgFmYFFKrmg3SyAjSrElf0TiJ1v8fYA==}
    engines: {node: '>=12'}
    cpu: [ia32]
    os: [win32]

  '@esbuild/win32-x64@0.21.5':
    resolution: {integrity: sha512-tQd/1efJuzPC6rCFwEvLtci/xNFcTZknmXs98FYDfGE4wP9ClFV98nyKrzJKVPMhdDnjzLhdUyMX4PsQAPjwIw==}
    engines: {node: '>=12'}
    cpu: [x64]
    os: [win32]

  '@ibm/telemetry-js@1.11.0':
    resolution: {integrity: sha512-RO/9j+URJnSfseWg9ZkEX9p+a3Ousd33DBU7rOafoZB08RqdzxFVYJ2/iM50dkBuD0o7WX7GYt1sLbNgCoE+pA==}
    hasBin: true

  '@jridgewell/sourcemap-codec@1.5.5':
    resolution: {integrity: sha512-cYQ9310grqxueWbl+WuIUIaiUaDcj7WOq5fVhEljNVgRfOUhY9fy2zTvfoqWsnebh8Sl70VScFbICvJnLKB0Og==}

  '@lezer/common@1.5.1':
    resolution: {integrity: sha512-6YRVG9vBkaY7p1IVxL4s44n5nUnaNnGM2/AckNgYOnxTG2kWh1vR8BMxPseWPjRNpb5VtXnMpeYAEAADoRV1Iw==}

  '@lezer/highlight@1.2.3':
    resolution: {integrity: sha512-qXdH7UqTvGfdVBINrgKhDsVTJTxactNNxLk7+UMwZhU13lMHaOBlJe9Vqp907ya56Y3+ed2tlqzys7jDkTmW0g==}

  '@lezer/json@1.0.3':
    resolution: {integrity: sha512-BP9KzdF9Y35PDpv04r0VeSTKDeox5vVr3efE7eBbx3r4s3oNLfunchejZhjArmeieBH+nVOpgIiBJpEAv8ilqQ==}

  '@lezer/lr@1.4.8':
    resolution: {integrity: sha512-bPWa0Pgx69ylNlMlPvBPryqeLYQjyJjqPx+Aupm5zydLIF3NE+6MMLT8Yi23Bd9cif9VS00aUebn+6fDIGBcDA==}

  '@lezer/markdown@1.6.3':
    resolution: {integrity: sha512-jpGm5Ps+XErS+xA4urw7ogEGkeZOahVQF21Z6oECF0sj+2liwZopd2+I8uH5I/vZsRuuze3OxBREIANLf6KKUw==}

  '@marijn/find-cluster-break@1.0.2':
    resolution: {integrity: sha512-l0h88YhZFyKdXIFNfSWpyjStDjGHwZ/U7iobcK1cQQD8sejsONdQtTVU+1wVN1PBw40PiiHB1vA5S7VTfQiP9g==}

  '@rollup/rollup-android-arm-eabi@4.57.1':
    resolution: {integrity: sha512-A6ehUVSiSaaliTxai040ZpZ2zTevHYbvu/lDoeAteHI8QnaosIzm4qwtezfRg1jOYaUmnzLX1AOD6Z+UJjtifg==}
    cpu: [arm]
    os: [android]

  '@rollup/rollup-android-arm64@4.57.1':
    resolution: {integrity: sha512-dQaAddCY9YgkFHZcFNS/606Exo8vcLHwArFZ7vxXq4rigo2bb494/xKMMwRRQW6ug7Js6yXmBZhSBRuBvCCQ3w==}
    cpu: [arm64]
    os: [android]

  '@rollup/rollup-darwin-arm64@4.57.1':
    resolution: {integrity: sha512-crNPrwJOrRxagUYeMn/DZwqN88SDmwaJ8Cvi/TN1HnWBU7GwknckyosC2gd0IqYRsHDEnXf328o9/HC6OkPgOg==}
    cpu: [arm64]
    os: [darwin]

  '@rollup/rollup-darwin-x64@4.57.1':
    resolution: {integrity: sha512-Ji8g8ChVbKrhFtig5QBV7iMaJrGtpHelkB3lsaKzadFBe58gmjfGXAOfI5FV0lYMH8wiqsxKQ1C9B0YTRXVy4w==}
    cpu: [x64]
    os: [darwin]

  '@rollup/rollup-freebsd-arm64@4.57.1':
    resolution: {integrity: sha512-R+/WwhsjmwodAcz65guCGFRkMb4gKWTcIeLy60JJQbXrJ97BOXHxnkPFrP+YwFlaS0m+uWJTstrUA9o+UchFug==}
    cpu: [arm64]
    os: [freebsd]

  '@rollup/rollup-freebsd-x64@4.57.1':
    resolution: {integrity: sha512-IEQTCHeiTOnAUC3IDQdzRAGj3jOAYNr9kBguI7MQAAZK3caezRrg0GxAb6Hchg4lxdZEI5Oq3iov/w/hnFWY9Q==}
    cpu: [x64]
    os: [freebsd]

  '@rollup/rollup-linux-arm-gnueabihf@4.57.1':
    resolution: {integrity: sha512-F8sWbhZ7tyuEfsmOxwc2giKDQzN3+kuBLPwwZGyVkLlKGdV1nvnNwYD0fKQ8+XS6hp9nY7B+ZeK01EBUE7aHaw==}
    cpu: [arm]
    os: [linux]
    libc: [glibc]

  '@rollup/rollup-linux-arm-musleabihf@4.57.1':
    resolution: {integrity: sha512-rGfNUfn0GIeXtBP1wL5MnzSj98+PZe/AXaGBCRmT0ts80lU5CATYGxXukeTX39XBKsxzFpEeK+Mrp9faXOlmrw==}
    cpu: [arm]
    os: [linux]
    libc: [musl]

  '@rollup/rollup-linux-arm64-gnu@4.57.1':
    resolution: {integrity: sha512-MMtej3YHWeg/0klK2Qodf3yrNzz6CGjo2UntLvk2RSPlhzgLvYEB3frRvbEF2wRKh1Z2fDIg9KRPe1fawv7C+g==}
    cpu: [arm64]
    os: [linux]
    libc: [glibc]

  '@rollup/rollup-linux-arm64-musl@4.57.1':
    resolution: {integrity: sha512-1a/qhaaOXhqXGpMFMET9VqwZakkljWHLmZOX48R0I/YLbhdxr1m4gtG1Hq7++VhVUmf+L3sTAf9op4JlhQ5u1Q==}
    cpu: [arm64]
    os: [linux]
    libc: [musl]

  '@rollup/rollup-linux-loong64-gnu@4.57.1':
    resolution: {integrity: sha512-QWO6RQTZ/cqYtJMtxhkRkidoNGXc7ERPbZN7dVW5SdURuLeVU7lwKMpo18XdcmpWYd0qsP1bwKPf7DNSUinhvA==}
    cpu: [loong64]
    os: [linux]
    libc: [glibc]

  '@rollup/rollup-linux-loong64-musl@4.57.1':
    resolution: {integrity: sha512-xpObYIf+8gprgWaPP32xiN5RVTi/s5FCR+XMXSKmhfoJjrpRAjCuuqQXyxUa/eJTdAE6eJ+KDKaoEqjZQxh3Gw==}
    cpu: [loong64]
    os: [linux]
    libc: [musl]

  '@rollup/rollup-linux-ppc64-gnu@4.57.1':
    resolution: {integrity: sha512-4BrCgrpZo4hvzMDKRqEaW1zeecScDCR+2nZ86ATLhAoJ5FQ+lbHVD3ttKe74/c7tNT9c6F2viwB3ufwp01Oh2w==}
    cpu: [ppc64]
    os: [linux]
    libc: [glibc]

  '@rollup/rollup-linux-ppc64-musl@4.57.1':
    resolution: {integrity: sha512-NOlUuzesGauESAyEYFSe3QTUguL+lvrN1HtwEEsU2rOwdUDeTMJdO5dUYl/2hKf9jWydJrO9OL/XSSf65R5+Xw==}
    cpu: [ppc64]
    os: [linux]
    libc: [musl]

  '@rollup/rollup-linux-riscv64-gnu@4.57.1':
    resolution: {integrity: sha512-ptA88htVp0AwUUqhVghwDIKlvJMD/fmL/wrQj99PRHFRAG6Z5nbWoWG4o81Nt9FT+IuqUQi+L31ZKAFeJ5Is+A==}
    cpu: [riscv64]
    os: [linux]
    libc: [glibc]

  '@rollup/rollup-linux-riscv64-musl@4.57.1':
    resolution: {integrity: sha512-S51t7aMMTNdmAMPpBg7OOsTdn4tySRQvklmL3RpDRyknk87+Sp3xaumlatU+ppQ+5raY7sSTcC2beGgvhENfuw==}
    cpu: [riscv64]
    os: [linux]
    libc: [musl]

  '@rollup/rollup-linux-s390x-gnu@4.57.1':
    resolution: {integrity: sha512-Bl00OFnVFkL82FHbEqy3k5CUCKH6OEJL54KCyx2oqsmZnFTR8IoNqBF+mjQVcRCT5sB6yOvK8A37LNm/kPJiZg==}
    cpu: [s390x]
    os: [linux]
    libc: [glibc]

  '@rollup/rollup-linux-x64-gnu@4.57.1':
    resolution: {integrity: sha512-ABca4ceT4N+Tv/GtotnWAeXZUZuM/9AQyCyKYyKnpk4yoA7QIAuBt6Hkgpw8kActYlew2mvckXkvx0FfoInnLg==}
    cpu: [x64]
    os: [linux]
    libc: [glibc]

  '@rollup/rollup-linux-x64-musl@4.57.1':
    resolution: {integrity: sha512-HFps0JeGtuOR2convgRRkHCekD7j+gdAuXM+/i6kGzQtFhlCtQkpwtNzkNj6QhCDp7DRJ7+qC/1Vg2jt5iSOFw==}
    cpu: [x64]
    os: [linux]
    libc: [musl]

  '@rollup/rollup-openbsd-x64@4.57.1':
    resolution: {integrity: sha512-H+hXEv9gdVQuDTgnqD+SQffoWoc0Of59AStSzTEj/feWTBAnSfSD3+Dql1ZruJQxmykT/JVY0dE8Ka7z0DH1hw==}
    cpu: [x64]
    os: [openbsd]

  '@rollup/rollup-openharmony-arm64@4.57.1':
    resolution: {integrity: sha512-4wYoDpNg6o/oPximyc/NG+mYUejZrCU2q+2w6YZqrAs2UcNUChIZXjtafAiiZSUc7On8v5NyNj34Kzj/Ltk6dQ==}
    cpu: [arm64]
    os: [openharmony]

  '@rollup/rollup-win32-arm64-msvc@4.57.1':
    resolution: {integrity: sha512-O54mtsV/6LW3P8qdTcamQmuC990HDfR71lo44oZMZlXU4tzLrbvTii87Ni9opq60ds0YzuAlEr/GNwuNluZyMQ==}
    cpu: [arm64]
    os: [win32]

  '@rollup/rollup-win32-ia32-msvc@4.57.1':
    resolution: {integrity: sha512-P3dLS+IerxCT/7D2q2FYcRdWRl22dNbrbBEtxdWhXrfIMPP9lQhb5h4Du04mdl5Woq05jVCDPCMF7Ub0NAjIew==}
    cpu: [ia32]
    os: [win32]

  '@rollup/rollup-win32-x64-gnu@4.57.1':
    resolution: {integrity: sha512-VMBH2eOOaKGtIJYleXsi2B8CPVADrh+TyNxJ4mWPnKfLB/DBUmzW+5m1xUrcwWoMfSLagIRpjUFeW5CO5hyciQ==}
    cpu: [x64]
    os: [win32]

  '@rollup/rollup-win32-x64-msvc@4.57.1':
    resolution: {integrity: sha512-mxRFDdHIWRxg3UfIIAwCm6NzvxG0jDX/wBN6KsQFTvKFqqg9vTrWUE68qEjHt19A5wwx5X5aUi2zuZT7YR0jrA==}
    cpu: [x64]
    os: [win32]

  '@types/estree@1.0.8':
    resolution: {integrity: sha512-dWHzHa2WqEXI/O1E9OjrocMTKJl2mSrEolh1Iomrv6U+JuNwaHXsXx9bLu5gG7BUWFIN0skIQJQ/L1rIex4X6w==}

  '@types/trusted-types@2.0.7':
    resolution: {integrity: sha512-ScaPdn1dQczgbl0QFTeTOmVHFULt394XJgOQNoyVhZ6r2vLnMLJfBPd53SB52T/3G36VI1/g2MZaX0cwDuXsfw==}

  '@vitejs/plugin-vue@5.2.4':
    resolution: {integrity: sha512-7Yx/SXSOcQq5HiiV3orevHUFn+pmMB4cgbEkDYgnkUWb0WfeQ/wa2yFv6D5ICiCQOVpjA7vYDXrC7AGO8yjDHA==}
    engines: {node: ^18.0.0 || >=20.0.0}
    peerDependencies:
      vite: ^5.0.0 || ^6.0.0
      vue: ^3.2.25

  '@vue/compiler-core@3.5.28':
    resolution: {integrity: sha512-kviccYxTgoE8n6OCw96BNdYlBg2GOWfBuOW4Vqwrt7mSKWKwFVvI8egdTltqRgITGPsTFYtKYfxIG8ptX2PJHQ==}

  '@vue/compiler-dom@3.5.28':
    resolution: {integrity: sha512-/1ZepxAb159jKR1btkefDP+J2xuWL5V3WtleRmxaT+K2Aqiek/Ab/+Ebrw2pPj0sdHO8ViAyyJWfhXXOP/+LQA==}

  '@vue/compiler-sfc@3.5.28':
    resolution: {integrity: sha512-6TnKMiNkd6u6VeVDhZn/07KhEZuBSn43Wd2No5zaP5s3xm8IqFTHBj84HJah4UepSUJTro5SoqqlOY22FKY96g==}

  '@vue/compiler-ssr@3.5.28':
    resolution: {integrity: sha512-JCq//9w1qmC6UGLWJX7RXzrGpKkroubey/ZFqTpvEIDJEKGgntuDMqkuWiZvzTzTA5h2qZvFBFHY7fAAa9475g==}

  '@vue/reactivity@3.5.28':
    resolution: {integrity: sha512-gr5hEsxvn+RNyu9/9o1WtdYdwDjg5FgjUSBEkZWqgTKlo/fvwZ2+8W6AfKsc9YN2k/+iHYdS9vZYAhpi10kNaw==}

  '@vue/runtime-core@3.5.28':
    resolution: {integrity: sha512-POVHTdbgnrBBIpnbYU4y7pOMNlPn2QVxVzkvEA2pEgvzbelQq4ZOUxbp2oiyo+BOtiYlm8Q44wShHJoBvDPAjQ==}

  '@vue/runtime-dom@3.5.28':
    resolution: {integrity: sha512-4SXxSF8SXYMuhAIkT+eBRqOkWEfPu6nhccrzrkioA6l0boiq7sp18HCOov9qWJA5HML61kW8p/cB4MmBiG9dSA==}

  '@vue/server-renderer@3.5.28':
    resolution: {integrity: sha512-pf+5ECKGj8fX95bNincbzJ6yp6nyzuLDhYZCeFxUNp8EBrQpPpQaLX3nNCp49+UbgbPun3CeVE+5CXVV1Xydfg==}
    peerDependencies:
      vue: 3.5.28

  '@vue/shared@3.5.28':
    resolution: {integrity: sha512-cfWa1fCGBxrvaHRhvV3Is0MgmrbSCxYTXCSCau2I0a1Xw1N1pHAvkWCiXPRAqjvToILvguNyEwjevUqAuBQWvQ==}

  array-move@4.0.0:
    resolution: {integrity: sha512-+RY54S8OuVvg94THpneQvFRmqWdAHeqtMzgMW6JNurHxe8rsS07cHQdfGkXnTUXiBcyZ0j3SiDIxxj0RPiqCkQ==}
    engines: {node: ^12.20.0 || ^14.13.1 || >=16.0.0}

  atoa@1.0.0:
    resolution: {integrity: sha512-VVE1H6cc4ai+ZXo/CRWoJiHXrA1qfA31DPnx6D20+kSI547hQN5Greh51LQ1baMRMfxO5K5M4ImMtZbZt2DODQ==}

  big.js@7.0.1:
    resolution: {integrity: sha512-iFgV784tD8kq4ccF1xtNMZnXeZzVuXWWM+ERFzKQjv+A5G9HC8CY3DuV45vgzFFcW+u2tIvmF95+AzWgs6BjCg==}

  bpmn-js@14.2.0:
    resolution: {integrity: sha512-KuJGjXHugrfUur74xPQ/jkXQXmmlhw+xV8+h2EtDJ4vMZMVP+tJyppiucsHDEjAR6Iq+i3P9yECGt290nbq9cg==}

  bpmn-moddle@8.1.0:
    resolution: {integrity: sha512-yI5OAFfYVJwViKTsTsonVfCBPtB3MlefADUORwNIxxBOMp21vnoxuxsdgUWlPH/dvAEZh/+mr8UtqOBNu8NC5Q==}

  classnames@2.5.1:
    resolution: {integrity: sha512-saHYOzhIQs6wy2sVxTM6bUDsQO4F50V9RQ22qBpEdCW+I+/Wmke2HOl6lS6dTpdxVhb88/I6+Hs+438c3lfUow==}

  clsx@2.1.1:
    resolution: {integrity: sha512-eYm0QWBtUrBWZWG0d386OGAw16Z995PiOVo2B7bjWSbHedGl5e0ZWaq65kOGgUSNesEIDkB9ISbTg/JK9dhCZA==}
    engines: {node: '>=6'}

  codemirror@6.0.2:
    resolution: {integrity: sha512-VhydHotNW5w1UGK0Qj96BwSk/Zqbp9WbnyK2W/eVMv4QyF41INRGpjUhFJY7/uDNuudSc33a/PKr4iDqRduvHw==}

  component-event@0.2.1:
    resolution: {integrity: sha512-wGA++isMqiDq1jPYeyv2as/Bt/u+3iLW0rEa+8NQ82jAv3TgqMiCM+B2SaBdn2DfLilLjjq736YcezihRYhfxw==}

  contra@1.9.4:
    resolution: {integrity: sha512-N9ArHAqwR/lhPq4OdIAwH4e1btn6EIZMAz4TazjnzCiVECcWUPTma+dRAM38ERImEJBh8NiCCpjoQruSZ+agYg==}

  crelt@1.0.6:
    resolution: {integrity: sha512-VQ2MBenTq1fWZUH9DJNGti7kKv6EeAuYr3cLwxUWhIu1baTaXh4Ib5W2CqHVqib4/MqbYGJqiL3Zb8GJZr3l4g==}

  csstype@3.2.3:
    resolution: {integrity: sha512-z1HGKcYy2xA8AGQfwrn0PAy+PB7X/GSj3UVJW9qKyn43xWa+gl5nXmU4qqLMRzWVLFC8KusUX8T/0kCiOYpAIQ==}

  datatables.net-dt@2.3.7:
    resolution: {integrity: sha512-OXXIliY5MXnI+284Gt73F+fEdnW2u5y9jiptlvjDDb3YlyqXU4E/YZUB262a068sM/+qakb6RixN1SWn18uF2g==}

  datatables.net-responsive-dt@3.0.8:
    resolution: {integrity: sha512-Nq5q1UZZJwWjZJf1SedZKmfnOKRrx00TaAsCN7CLx9c6cmouFQ6AqLf7Lcs1eV30oRTt1e2rcQtu3BNjGwjnHw==}

  datatables.net-responsive@3.0.8:
    resolution: {integrity: sha512-htslaX9g/9HFrJeyFQKEe/XJWpawPxpvy+M6vc/NkKQIrKhbxSoPc3phPqmlnZth6b9hgawqWDT0e0lwf5p+KA==}

  datatables.net-vue3@3.0.4:
    resolution: {integrity: sha512-m7b7+zdH07d6J+Dz97KNs2PMezxZk+RgB4Or9i0J/SAXA/kaBRpQLTpr9Pyg8fh66/r4FQxnIkHhPTbW78Ep5A==}
    engines: {node: '>=12'}
    peerDependencies:
      datatables.net: ^2
      vue: ^3.0.5

  datatables.net@2.3.7:
    resolution: {integrity: sha512-AvsjG/Nkp6OxeyBKYZauemuzQCPogE1kOtKwG4sYjvdqGCSLiGaJagQwXv4YxG+ts5vaJr6qKGG9ec3g6vTo3w==}

  diagram-js-direct-editing@2.1.2:
    resolution: {integrity: sha512-VpccLAnLqLF1cp3fk363QUbRVTd/qTcj2oOb+IqgcmOiWszJp7J9Ta6y5GjUvw48hDZpzCatlmWwA4CJ3MaYGQ==}
    peerDependencies:
      diagram-js: '*'

  diagram-js@12.8.1:
    resolution: {integrity: sha512-LF9BiwjbOPpZd0ez5VSlYRbdbEA59YQX43bWvNDp1rLMv0xwZ5yIg4oaYDK82nIQ0kH1tjvoQRpNevMTCgQVyw==}

  didi@11.0.0:
    resolution: {integrity: sha512-PzCfRzQttvFpVcYMbSF7h8EsWjeJpVjWH4qDhB5LkMi1ILvHq4Ob0vhM2wLFziPkbUBi+PAo7ODbe2sacR7nJQ==}
    engines: {node: '>= 20.12'}

  didi@9.0.2:
    resolution: {integrity: sha512-q2+aj+lnJcUweV7A9pdUrwFr4LHVmRPwTmQLtHPFz4aT7IBoryN6Iy+jmFku+oIzr5ebBkvtBCOb87+dJhb7bg==}

  domify@1.4.2:
    resolution: {integrity: sha512-m4yreHcUWHBncGVV7U+yQzc12vIlq0jMrtHZ5mW6dQMiL/7skSYNVX9wqKwOtyO9SGCgevrAFEgOCAHmamHTUA==}

  domify@3.0.0:
    resolution: {integrity: sha512-bs2yO68JDFOm6rKv8f0EnrM2cENduhRkpqOtt/s5l5JBA/eqGBZCzLPmdYoHtJ6utgLGgcBajFsEQbl12pT0lQ==}
    engines: {node: '>=20'}

  dompurify@3.3.1:
    resolution: {integrity: sha512-qkdCKzLNtrgPFP1Vo+98FRzJnBRGe4ffyCea9IwHB1fyxPOeNTHpLKYGd4Uk9xvNoH0ZoOjwZxNptyMwqrId1Q==}

  downloadjs@1.4.7:
    resolution: {integrity: sha512-LN1gO7+u9xjU5oEScGFKvXhYf7Y/empUIIEAGBs1LzUq/rg5duiDrkuH5A2lQGd5jfMOb9X9usDa2oVXwJ0U/Q==}

  entities@7.0.1:
    resolution: {integrity: sha512-TWrgLOFUQTH994YUyl1yT4uyavY5nNB5muff+RtWaqNVCAK408b5ZnnbNAUEWLTCpum9w6arT70i1XdQ4UeOPA==}
    engines: {node: '>=0.12'}

  esbuild@0.21.5:
    resolution: {integrity: sha512-mg3OPMV4hXywwpoDxu3Qda5xCKQi+vCTZq8S9J/EpkhB2HzKXq4SNFZE3+NK93JYxc8VMSep+lOUSC/RVKaBqw==}
    engines: {node: '>=12'}
    hasBin: true

  estree-walker@2.0.2:
    resolution: {integrity: sha512-Rfkk/Mp/DL7JVje3u18FxFujQlTNR2q6QfMSMB7AvCBx91NGj/ba3kCfza0f6dVDbw7YlRf/nDrn7pQrCCyQ/w==}

  feelers@1.5.1:
    resolution: {integrity: sha512-LKIAqtScSfy55Tw62DhBcxIT3k2XnppzWrkmGfsbdad0a+TxMfaLF1CSYhoVRF5FvPAUXvor1Ux/75wtBaDYpA==}

  file-drops@0.7.0:
    resolution: {integrity: sha512-uAlW8sf0ScP4p+wkn0cBtsFS8s75dZo3dtmuG7L7A9nLvzWQB3gKkBCXVfrGfxLQZZ609uAT0X0kPTT+ThbGNA==}

  flatpickr@4.6.13:
    resolution: {integrity: sha512-97PMG/aywoYpB4IvbvUJi0RQi8vearvU0oov1WW3k0WZPBMrTQVqekSX5CjSG/M4Q3i6A/0FKXC7RyAoAUUSPw==}

  focus-trap@8.0.0:
    resolution: {integrity: sha512-Aa84FOGHs99vVwufDMdq2qgOwXPC2e9U66GcqBhn1/jEHPDhJaP8PYhkIbqG9lhfL5Kddk/567lj46LLHYCRUw==}

  fsevents@2.3.3:
    resolution: {integrity: sha512-5xoDfX+fL7faATnagmWPpbFtwh/R77WmMMqqHGS65C3vvB0YHrgF+B1YmZ3441tMj5n63k0212XNoJwzlhffQw==}
    engines: {node: ^8.16.0 || ^10.6.0 || >=11.0.0}
    os: [darwin]

  hammerjs@2.0.8:
    resolution: {integrity: sha512-tSQXBXS/MWQOn/RKckawJ61vvsDpCom87JgxiYdGwHdOa0ht0vzUWDlfioofFCRU0L+6NGDt6XzbgoJvZkMeRQ==}
    engines: {node: '>=0.8.0'}

  htm@3.1.1:
    resolution: {integrity: sha512-983Vyg8NwUE7JkZ6NmOqpCZ+sh1bKv2iYTlUkzlWmA5JD2acKoxd4KVxbMmxX/85mtfdnDmTFoNKcg5DGAvxNQ==}

  ids@1.0.5:
    resolution: {integrity: sha512-XQ0yom/4KWTL29sLG+tyuycy7UmeaM/79GRtSJq6IG9cJGIPeBz5kwDCguie3TwxaMNIc3WtPi0cTa1XYHicpw==}

  ids@3.0.1:
    resolution: {integrity: sha512-mr0zAgpgA/hzCrHB0DnoTG6xZjNC3ABs4eaksXrpVtfaDatA2SVdDb1ZPLjmKjqzp4kexQRuHXwDWQILVK8FZQ==}
    engines: {node: '>= 20.12'}

  inherits-browser@0.1.0:
    resolution: {integrity: sha512-CJHHvW3jQ6q7lzsXPpapLdMx5hDpSF3FSh45pwsj6bKxJJ8Nl8v43i5yXnr3BdfOimGHKyniewQtnAIp3vyJJw==}

  jquery@3.7.1:
    resolution: {integrity: sha512-m4avr8yL8kmFN8psrbFFFmB/If14iN5o9nw/NgnnM+kybDJpRsAynV2BsfpTYrTRysYUdADVD7CkUUizgkpLfg==}

  lodash@4.17.23:
    resolution: {integrity: sha512-LgVTMpQtIopCi79SJeDiP0TfWi5CNEc/L/aRdTh3yIvmZXTnheWpKjSZhnvMl8iXbC1tFg9gdHHDMLoV7CnG+w==}

  luxon@3.7.2:
    resolution: {integrity: sha512-vtEhXh/gNjI9Yg1u4jX/0YVPMvxzHuGgCm6tC5kZyb08yjGWGnqAjGJvcXbqQR2P3MyMEFnRbpcdFS6PBcLqew==}
    engines: {node: '>=12'}

  magic-string@0.30.21:
    resolution: {integrity: sha512-vd2F4YUyEXKGcLHoq+TEyCjxueSeHnFxyyjNp80yg0XV4vUhnDer/lvvlqM/arB5bXQN5K2/3oinyCRyx8T2CQ==}

  marked@17.0.3:
    resolution: {integrity: sha512-jt1v2ObpyOKR8p4XaUJVk3YWRJ5n+i4+rjQopxvV32rSndTJXvIzuUdWWIy/1pFQMkQmvTXawzDNqOH/CUmx6A==}
    engines: {node: '>= 20'}
    hasBin: true

  min-dash@4.2.3:
    resolution: {integrity: sha512-VLMYQI5+FcD9Ad24VcB08uA83B07OhueAlZ88jBK6PyupTvEJwllTMUqMy0wPGYs7pZUEtEEMWdHB63m3LtEcg==}

  min-dash@5.0.0:
    resolution: {integrity: sha512-EGuoBnVL7/Fnv2sqakpX5WGmZehZ3YMmLayT7sM8E9DRU74kkeyMg4Rik1lsOkR2GbFNeBca4/L+UfU6gF0Edw==}

  min-dom@4.2.1:
    resolution: {integrity: sha512-TMoL8SEEIhUWYgkj7XMSgxmwSyGI+4fP2KFFGnN3FbHfbGHVdsLYSz8LoIsgPhz4dWRmLvxWWSMgzZMJW5sZuA==}

  min-dom@5.3.0:
    resolution: {integrity: sha512-0w5FEBgPAyHhmFojW3zxd7we3D+m5XYS3E/06OyvxmbHJoiQVa4Nagj6RWvoAKYRw5xth6cP5TMePc5cR1M9hA==}

  mitt@3.0.1:
    resolution: {integrity: sha512-vKivATfr97l2/QBCYAkXYDbrIWPM2IIKEl7YPhjCvKlG3kE2gm+uBo6nEXK3M5/Ffh/FLpKExzOQ3JJoJGFKBw==}

  moddle-xml@10.1.0:
    resolution: {integrity: sha512-erWckwLt+dYskewKXJso9u+aAZ5172lOiYxSOqKCPTy7L/xmqH1PoeoA7eVC7oJTt3PqF5TkZzUmbjGH6soQBg==}

  moddle@6.2.3:
    resolution: {integrity: sha512-bLVN+ZHL3aKnhxc19XtjUfvdJsS3EsiEJC7bT6YPD11qYmTzvsxrGgyYz1Ouof7TZuGw0lDJ1OLmEnxcpQWk3Q==}

  nanoid@3.3.11:
    resolution: {integrity: sha512-N8SpfPUnUp1bK+PMYW8qSWdl9U+wwNWI4QKxOYDy9JAro3WMX7p2OeVRF9v+347pnakNevPmiHhNmZ2HbFA76w==}
    engines: {node: ^10 || ^12 || ^13.7 || ^14 || >=15.0.1}
    hasBin: true

  object-refs@0.3.0:
    resolution: {integrity: sha512-eP0ywuoWOaDoiake/6kTJlPJhs+k0qNm4nYRzXLNHj6vh+5M3i9R1epJTdxIPGlhWc4fNRQ7a6XJNCX+/L4FOQ==}

  path-intersection@2.2.1:
    resolution: {integrity: sha512-9u8xvMcSfuOiStv9bPdnRJQhGQXLKurew94n4GPQCdH1nj9QKC9ObbNoIpiRq8skiOBxKkt277PgOoFgAt3/rA==}

  picocolors@1.1.1:
    resolution: {integrity: sha512-xceH2snhtb5M9liqDsmEw56le376mTZkEX/jEb/RxNFyegNul7eNslCXP9FDj/Lcu0X8KEyMceP2ntpaHrDEVA==}

  postcss@8.5.6:
    resolution: {integrity: sha512-3Ybi1tAuwAP9s0r1UQ2J4n5Y0G05bJkpUIO0/bI9MhwmD70S5aTWbXGBwxHrelT+XM1k6dM0pk+SwNkpTRN7Pg==}
    engines: {node: ^10 || ^12 || >=14}

  preact@10.28.4:
    resolution: {integrity: sha512-uKFfOHWuSNpRFVTnljsCluEFq57OKT+0QdOiQo8XWnQ/pSvg7OpX5eNOejELXJMWy+BwM2nobz0FkvzmnpCNsQ==}

  rollup@4.57.1:
    resolution: {integrity: sha512-oQL6lgK3e2QZeQ7gcgIkS2YZPg5slw37hYufJ3edKlfQSGGm8ICoxswK15ntSzF/a8+h7ekRy7k7oWc3BQ7y8A==}
    engines: {node: '>=18.0.0', npm: '>=8.0.0'}
    hasBin: true

  saxen@8.1.2:
    resolution: {integrity: sha512-xUOiiFbc3Ow7p8KMxwsGICPx46ZQvy3+qfNVhrkwfz3Vvq45eGt98Ft5IQaA1R/7Tb5B5MKh9fUR9x3c3nDTxw==}

  source-map-js@1.2.1:
    resolution: {integrity: sha512-UXWMKhLOwVKb728IUtQPXxfYU+usdybtUrK/8uGE8CQMvrhOpwvzDBwj0QhSL7MQc7vIsISBG8VQ8+IDQxpfQA==}
    engines: {node: '>=0.10.0'}

  style-mod@4.1.3:
    resolution: {integrity: sha512-i/n8VsZydrugj3Iuzll8+x/00GH2vnYsk1eomD8QiRrSAeW6ItbCQDtfXCeJHd0iwiNagqjQkvpvREEPtW3IoQ==}

  tabbable@6.4.0:
    resolution: {integrity: sha512-05PUHKSNE8ou2dwIxTngl4EzcnsCDZGJ/iCLtDflR/SHB/ny14rXc+qU5P4mG9JkusiV7EivzY9Mhm55AzAvCg==}

  ticky@1.0.1:
    resolution: {integrity: sha512-RX35iq/D+lrsqhcPWIazM9ELkjOe30MSeoBHQHSsRwd1YuhJO5ui1K1/R0r7N3mFvbLBs33idw+eR6j+w6i/DA==}

  tiny-svg@3.1.3:
    resolution: {integrity: sha512-9mwnPqXInRsBmH/DO6NMxBE++9LsqpVXQSSTZGc5bomoKKvL5OX/Hlotw7XVXP6XLRcHWIzZpxfovGqWKgCypQ==}

  vite@5.4.21:
    resolution: {integrity: sha512-o5a9xKjbtuhY6Bi5S3+HvbRERmouabWbyUcpXXUA1u+GNUKoROi9byOJ8M0nHbHYHkYICiMlqxkg1KkYmm25Sw==}
    engines: {node: ^18.0.0 || >=20.0.0}
    hasBin: true
    peerDependencies:
      '@types/node': ^18.0.0 || >=20.0.0
      less: '*'
      lightningcss: ^1.21.0
      sass: '*'
      sass-embedded: '*'
      stylus: '*'
      sugarss: '*'
      terser: ^5.4.0
    peerDependenciesMeta:
      '@types/node':
        optional: true
      less:
        optional: true
      lightningcss:
        optional: true
      sass:
        optional: true
      sass-embedded:
        optional: true
      stylus:
        optional: true
      sugarss:
        optional: true
      terser:
        optional: true

  vue@3.5.28:
    resolution: {integrity: sha512-BRdrNfeoccSoIZeIhyPBfvWSLFP4q8J3u8Ju8Ug5vu3LdD+yTM13Sg4sKtljxozbnuMu1NB1X5HBHRYUzFocKg==}
    peerDependencies:
      typescript: '*'
    peerDependenciesMeta:
      typescript:
        optional: true

  w3c-keyname@2.2.8:
    resolution: {integrity: sha512-dpojBhNsCNN7T82Tm7k26A6G9ML3NkhDsnw9n/eoxSRlVBB4CEtIQ/KTCLI2Fwf3ataSXRhYFkQi3SlnFwPvPQ==}

snapshots:

  '@babel/helper-string-parser@7.27.1': {}

  '@babel/helper-validator-identifier@7.28.5': {}

  '@babel/parser@7.29.0':
    dependencies:
      '@babel/types': 7.29.0

  '@babel/types@7.29.0':
    dependencies:
      '@babel/helper-string-parser': 7.27.1
      '@babel/helper-validator-identifier': 7.28.5

  '@bpmn-io/cm-theme@0.1.0-alpha.2':
    dependencies:
      '@codemirror/language': 6.12.1
      '@codemirror/view': 6.39.14
      '@lezer/highlight': 1.2.3

  '@bpmn-io/diagram-js-ui@0.2.3':
    dependencies:
      htm: 3.1.1
      preact: 10.28.4

  '@bpmn-io/draggle@4.1.2':
    dependencies:
      contra: 1.9.4

  '@bpmn-io/feel-editor@2.5.0':
    dependencies:
      '@bpmn-io/feel-lint': 3.1.0
      '@bpmn-io/lang-feel': 3.0.0
      '@camunda/feel-builtins': 1.0.0
      '@codemirror/autocomplete': 6.20.0
      '@codemirror/commands': 6.10.2
      '@codemirror/language': 6.12.1
      '@codemirror/lint': 6.9.4
      '@codemirror/state': 6.5.4
      '@codemirror/view': 6.39.14
      '@lezer/highlight': 1.2.3
      min-dom: 5.3.0
      mitt: 3.0.1

  '@bpmn-io/feel-lint@3.1.0':
    dependencies:
      '@bpmn-io/lezer-feel': 2.3.0
      '@codemirror/language': 6.12.1

  '@bpmn-io/feelin@6.1.0':
    dependencies:
      '@bpmn-io/lezer-feel': 2.3.0
      '@lezer/common': 1.5.1
      luxon: 3.7.2
      min-dash: 5.0.0

  '@bpmn-io/form-js-carbon-styles@1.19.0': {}

  '@bpmn-io/form-js-editor@1.19.0':
    dependencies:
      '@bpmn-io/draggle': 4.1.2
      '@bpmn-io/form-js-viewer': 1.19.0
      '@bpmn-io/properties-panel': 3.39.0
      array-move: 4.0.0
      big.js: 7.0.1
      ids: 3.0.1
      min-dash: 5.0.0
      min-dom: 5.3.0
      preact: 10.28.4

  '@bpmn-io/form-js-playground@1.19.0':
    dependencies:
      '@bpmn-io/form-js-editor': 1.19.0
      '@bpmn-io/form-js-viewer': 1.19.0
      '@codemirror/autocomplete': 6.20.0
      '@codemirror/commands': 6.10.2
      '@codemirror/lang-json': 6.0.2
      '@codemirror/language': 6.12.1
      '@codemirror/lint': 6.9.4
      '@codemirror/state': 6.5.4
      '@codemirror/view': 6.39.14
      classnames: 2.5.1
      codemirror: 6.0.2
      downloadjs: 1.4.7
      file-drops: 0.7.0
      mitt: 3.0.1
      preact: 10.28.4

  '@bpmn-io/form-js-viewer@1.19.0':
    dependencies:
      '@bpmn-io/feelin': 6.1.0
      '@carbon/grid': 11.50.0
      big.js: 7.0.1
      classnames: 2.5.1
      didi: 11.0.0
      dompurify: 3.3.1
      feelers: 1.5.1
      flatpickr: 4.6.13
      ids: 3.0.1
      lodash: 4.17.23
      luxon: 3.7.2
      marked: 17.0.3
      min-dash: 5.0.0
      preact: 10.28.4

  '@bpmn-io/form-js@1.19.0':
    dependencies:
      '@bpmn-io/form-js-carbon-styles': 1.19.0
      '@bpmn-io/form-js-editor': 1.19.0
      '@bpmn-io/form-js-playground': 1.19.0
      '@bpmn-io/form-js-viewer': 1.19.0

  '@bpmn-io/lang-feel@3.0.0':
    dependencies:
      '@bpmn-io/lezer-feel': 2.3.0
      '@codemirror/autocomplete': 6.20.0
      '@codemirror/language': 6.12.1
      '@lezer/common': 1.5.1

  '@bpmn-io/lezer-feel@2.3.0':
    dependencies:
      '@lezer/highlight': 1.2.3
      '@lezer/lr': 1.4.8
      min-dash: 5.0.0

  '@bpmn-io/properties-panel@3.39.0':
    dependencies:
      '@bpmn-io/feel-editor': 2.5.0
      '@carbon/icons': 11.75.0
      '@codemirror/view': 6.39.14
      classnames: 2.5.1
      feelers: 1.5.1
      focus-trap: 8.0.0
      min-dash: 5.0.0
      min-dom: 5.3.0

  '@camunda/feel-builtins@1.0.0': {}

  '@carbon/grid@11.50.0':
    dependencies:
      '@carbon/layout': 11.48.0
      '@ibm/telemetry-js': 1.11.0

  '@carbon/icons@11.75.0':
    dependencies:
      '@ibm/telemetry-js': 1.11.0

  '@carbon/layout@11.48.0':
    dependencies:
      '@ibm/telemetry-js': 1.11.0

  '@codemirror/autocomplete@6.20.0':
    dependencies:
      '@codemirror/language': 6.12.1
      '@codemirror/state': 6.5.4
      '@codemirror/view': 6.39.14
      '@lezer/common': 1.5.1

  '@codemirror/commands@6.10.2':
    dependencies:
      '@codemirror/language': 6.12.1
      '@codemirror/state': 6.5.4
      '@codemirror/view': 6.39.14
      '@lezer/common': 1.5.1

  '@codemirror/lang-json@6.0.2':
    dependencies:
      '@codemirror/language': 6.12.1
      '@lezer/json': 1.0.3

  '@codemirror/language@6.12.1':
    dependencies:
      '@codemirror/state': 6.5.4
      '@codemirror/view': 6.39.14
      '@lezer/common': 1.5.1
      '@lezer/highlight': 1.2.3
      '@lezer/lr': 1.4.8
      style-mod: 4.1.3

  '@codemirror/lint@6.9.4':
    dependencies:
      '@codemirror/state': 6.5.4
      '@codemirror/view': 6.39.14
      crelt: 1.0.6

  '@codemirror/search@6.6.0':
    dependencies:
      '@codemirror/state': 6.5.4
      '@codemirror/view': 6.39.14
      crelt: 1.0.6

  '@codemirror/state@6.5.4':
    dependencies:
      '@marijn/find-cluster-break': 1.0.2

  '@codemirror/view@6.39.14':
    dependencies:
      '@codemirror/state': 6.5.4
      crelt: 1.0.6
      style-mod: 4.1.3
      w3c-keyname: 2.2.8

  '@esbuild/aix-ppc64@0.21.5':
    optional: true

  '@esbuild/android-arm64@0.21.5':
    optional: true

  '@esbuild/android-arm@0.21.5':
    optional: true

  '@esbuild/android-x64@0.21.5':
    optional: true

  '@esbuild/darwin-arm64@0.21.5':
    optional: true

  '@esbuild/darwin-x64@0.21.5':
    optional: true

  '@esbuild/freebsd-arm64@0.21.5':
    optional: true

  '@esbuild/freebsd-x64@0.21.5':
    optional: true

  '@esbuild/linux-arm64@0.21.5':
    optional: true

  '@esbuild/linux-arm@0.21.5':
    optional: true

  '@esbuild/linux-ia32@0.21.5':
    optional: true

  '@esbuild/linux-loong64@0.21.5':
    optional: true

  '@esbuild/linux-mips64el@0.21.5':
    optional: true

  '@esbuild/linux-ppc64@0.21.5':
    optional: true

  '@esbuild/linux-riscv64@0.21.5':
    optional: true

  '@esbuild/linux-s390x@0.21.5':
    optional: true

  '@esbuild/linux-x64@0.21.5':
    optional: true

  '@esbuild/netbsd-x64@0.21.5':
    optional: true

  '@esbuild/openbsd-x64@0.21.5':
    optional: true

  '@esbuild/sunos-x64@0.21.5':
    optional: true

  '@esbuild/win32-arm64@0.21.5':
    optional: true

  '@esbuild/win32-ia32@0.21.5':
    optional: true

  '@esbuild/win32-x64@0.21.5':
    optional: true

  '@ibm/telemetry-js@1.11.0': {}

  '@jridgewell/sourcemap-codec@1.5.5': {}

  '@lezer/common@1.5.1': {}

  '@lezer/highlight@1.2.3':
    dependencies:
      '@lezer/common': 1.5.1

  '@lezer/json@1.0.3':
    dependencies:
      '@lezer/common': 1.5.1
      '@lezer/highlight': 1.2.3
      '@lezer/lr': 1.4.8

  '@lezer/lr@1.4.8':
    dependencies:
      '@lezer/common': 1.5.1

  '@lezer/markdown@1.6.3':
    dependencies:
      '@lezer/common': 1.5.1
      '@lezer/highlight': 1.2.3

  '@marijn/find-cluster-break@1.0.2': {}

  '@rollup/rollup-android-arm-eabi@4.57.1':
    optional: true

  '@rollup/rollup-android-arm64@4.57.1':
    optional: true

  '@rollup/rollup-darwin-arm64@4.57.1':
    optional: true

  '@rollup/rollup-darwin-x64@4.57.1':
    optional: true

  '@rollup/rollup-freebsd-arm64@4.57.1':
    optional: true

  '@rollup/rollup-freebsd-x64@4.57.1':
    optional: true

  '@rollup/rollup-linux-arm-gnueabihf@4.57.1':
    optional: true

  '@rollup/rollup-linux-arm-musleabihf@4.57.1':
    optional: true

  '@rollup/rollup-linux-arm64-gnu@4.57.1':
    optional: true

  '@rollup/rollup-linux-arm64-musl@4.57.1':
    optional: true

  '@rollup/rollup-linux-loong64-gnu@4.57.1':
    optional: true

  '@rollup/rollup-linux-loong64-musl@4.57.1':
    optional: true

  '@rollup/rollup-linux-ppc64-gnu@4.57.1':
    optional: true

  '@rollup/rollup-linux-ppc64-musl@4.57.1':
    optional: true

  '@rollup/rollup-linux-riscv64-gnu@4.57.1':
    optional: true

  '@rollup/rollup-linux-riscv64-musl@4.57.1':
    optional: true

  '@rollup/rollup-linux-s390x-gnu@4.57.1':
    optional: true

  '@rollup/rollup-linux-x64-gnu@4.57.1':
    optional: true

  '@rollup/rollup-linux-x64-musl@4.57.1':
    optional: true

  '@rollup/rollup-openbsd-x64@4.57.1':
    optional: true

  '@rollup/rollup-openharmony-arm64@4.57.1':
    optional: true

  '@rollup/rollup-win32-arm64-msvc@4.57.1':
    optional: true

  '@rollup/rollup-win32-ia32-msvc@4.57.1':
    optional: true

  '@rollup/rollup-win32-x64-gnu@4.57.1':
    optional: true

  '@rollup/rollup-win32-x64-msvc@4.57.1':
    optional: true

  '@types/estree@1.0.8': {}

  '@types/trusted-types@2.0.7':
    optional: true

  '@vitejs/plugin-vue@5.2.4(vite@5.4.21)(vue@3.5.28)':
    dependencies:
      vite: 5.4.21
      vue: 3.5.28

  '@vue/compiler-core@3.5.28':
    dependencies:
      '@babel/parser': 7.29.0
      '@vue/shared': 3.5.28
      entities: 7.0.1
      estree-walker: 2.0.2
      source-map-js: 1.2.1

  '@vue/compiler-dom@3.5.28':
    dependencies:
      '@vue/compiler-core': 3.5.28
      '@vue/shared': 3.5.28

  '@vue/compiler-sfc@3.5.28':
    dependencies:
      '@babel/parser': 7.29.0
      '@vue/compiler-core': 3.5.28
      '@vue/compiler-dom': 3.5.28
      '@vue/compiler-ssr': 3.5.28
      '@vue/shared': 3.5.28
      estree-walker: 2.0.2
      magic-string: 0.30.21
      postcss: 8.5.6
      source-map-js: 1.2.1

  '@vue/compiler-ssr@3.5.28':
    dependencies:
      '@vue/compiler-dom': 3.5.28
      '@vue/shared': 3.5.28

  '@vue/reactivity@3.5.28':
    dependencies:
      '@vue/shared': 3.5.28

  '@vue/runtime-core@3.5.28':
    dependencies:
      '@vue/reactivity': 3.5.28
      '@vue/shared': 3.5.28

  '@vue/runtime-dom@3.5.28':
    dependencies:
      '@vue/reactivity': 3.5.28
      '@vue/runtime-core': 3.5.28
      '@vue/shared': 3.5.28
      csstype: 3.2.3

  '@vue/server-renderer@3.5.28(vue@3.5.28)':
    dependencies:
      '@vue/compiler-ssr': 3.5.28
      '@vue/shared': 3.5.28
      vue: 3.5.28

  '@vue/shared@3.5.28': {}

  array-move@4.0.0: {}

  atoa@1.0.0: {}

  big.js@7.0.1: {}

  bpmn-js@14.2.0:
    dependencies:
      bpmn-moddle: 8.1.0
      diagram-js: 12.8.1
      diagram-js-direct-editing: 2.1.2(diagram-js@12.8.1)
      ids: 1.0.5
      inherits-browser: 0.1.0
      min-dash: 4.2.3
      min-dom: 4.2.1
      object-refs: 0.3.0
      tiny-svg: 3.1.3

  bpmn-moddle@8.1.0:
    dependencies:
      min-dash: 4.2.3
      moddle: 6.2.3
      moddle-xml: 10.1.0

  classnames@2.5.1: {}

  clsx@2.1.1: {}

  codemirror@6.0.2:
    dependencies:
      '@codemirror/autocomplete': 6.20.0
      '@codemirror/commands': 6.10.2
      '@codemirror/language': 6.12.1
      '@codemirror/lint': 6.9.4
      '@codemirror/search': 6.6.0
      '@codemirror/state': 6.5.4
      '@codemirror/view': 6.39.14

  component-event@0.2.1: {}

  contra@1.9.4:
    dependencies:
      atoa: 1.0.0
      ticky: 1.0.1

  crelt@1.0.6: {}

  csstype@3.2.3: {}

  datatables.net-dt@2.3.7:
    dependencies:
      datatables.net: 2.3.7
      jquery: 3.7.1

  datatables.net-responsive-dt@3.0.8:
    dependencies:
      datatables.net-dt: 2.3.7
      datatables.net-responsive: 3.0.8
      jquery: 3.7.1

  datatables.net-responsive@3.0.8:
    dependencies:
      datatables.net: 2.3.7
      jquery: 3.7.1

  datatables.net-vue3@3.0.4(datatables.net@2.3.7)(vue@3.5.28):
    dependencies:
      datatables.net: 2.3.7
      vue: 3.5.28

  datatables.net@2.3.7:
    dependencies:
      jquery: 3.7.1

  diagram-js-direct-editing@2.1.2(diagram-js@12.8.1):
    dependencies:
      diagram-js: 12.8.1
      min-dash: 4.2.3
      min-dom: 4.2.1

  diagram-js@12.8.1:
    dependencies:
      '@bpmn-io/diagram-js-ui': 0.2.3
      clsx: 2.1.1
      didi: 9.0.2
      hammerjs: 2.0.8
      inherits-browser: 0.1.0
      min-dash: 4.2.3
      min-dom: 4.2.1
      object-refs: 0.3.0
      path-intersection: 2.2.1
      tiny-svg: 3.1.3

  didi@11.0.0: {}

  didi@9.0.2: {}

  domify@1.4.2: {}

  domify@3.0.0: {}

  dompurify@3.3.1:
    optionalDependencies:
      '@types/trusted-types': 2.0.7

  downloadjs@1.4.7: {}

  entities@7.0.1: {}

  esbuild@0.21.5:
    optionalDependencies:
      '@esbuild/aix-ppc64': 0.21.5
      '@esbuild/android-arm': 0.21.5
      '@esbuild/android-arm64': 0.21.5
      '@esbuild/android-x64': 0.21.5
      '@esbuild/darwin-arm64': 0.21.5
      '@esbuild/darwin-x64': 0.21.5
      '@esbuild/freebsd-arm64': 0.21.5
      '@esbuild/freebsd-x64': 0.21.5
      '@esbuild/linux-arm': 0.21.5
      '@esbuild/linux-arm64': 0.21.5
      '@esbuild/linux-ia32': 0.21.5
      '@esbuild/linux-loong64': 0.21.5
      '@esbuild/linux-mips64el': 0.21.5
      '@esbuild/linux-ppc64': 0.21.5
      '@esbuild/linux-riscv64': 0.21.5
      '@esbuild/linux-s390x': 0.21.5
      '@esbuild/linux-x64': 0.21.5
      '@esbuild/netbsd-x64': 0.21.5
      '@esbuild/openbsd-x64': 0.21.5
      '@esbuild/sunos-x64': 0.21.5
      '@esbuild/win32-arm64': 0.21.5
      '@esbuild/win32-ia32': 0.21.5
      '@esbuild/win32-x64': 0.21.5

  estree-walker@2.0.2: {}

  feelers@1.5.1:
    dependencies:
      '@bpmn-io/cm-theme': 0.1.0-alpha.2
      '@bpmn-io/feel-lint': 3.1.0
      '@bpmn-io/feelin': 6.1.0
      '@bpmn-io/lezer-feel': 2.3.0
      '@codemirror/autocomplete': 6.20.0
      '@codemirror/commands': 6.10.2
      '@codemirror/language': 6.12.1
      '@codemirror/lint': 6.9.4
      '@codemirror/state': 6.5.4
      '@codemirror/view': 6.39.14
      '@lezer/common': 1.5.1
      '@lezer/highlight': 1.2.3
      '@lezer/lr': 1.4.8
      '@lezer/markdown': 1.6.3
      min-dom: 5.3.0

  file-drops@0.7.0:
    dependencies:
      min-dom: 5.3.0

  flatpickr@4.6.13: {}

  focus-trap@8.0.0:
    dependencies:
      tabbable: 6.4.0

  fsevents@2.3.3:
    optional: true

  hammerjs@2.0.8: {}

  htm@3.1.1: {}

  ids@1.0.5: {}

  ids@3.0.1: {}

  inherits-browser@0.1.0: {}

  jquery@3.7.1: {}

  lodash@4.17.23: {}

  luxon@3.7.2: {}

  magic-string@0.30.21:
    dependencies:
      '@jridgewell/sourcemap-codec': 1.5.5

  marked@17.0.3: {}

  min-dash@4.2.3: {}

  min-dash@5.0.0: {}

  min-dom@4.2.1:
    dependencies:
      component-event: 0.2.1
      domify: 1.4.2
      min-dash: 4.2.3

  min-dom@5.3.0:
    dependencies:
      domify: 3.0.0
      min-dash: 5.0.0

  mitt@3.0.1: {}

  moddle-xml@10.1.0:
    dependencies:
      min-dash: 4.2.3
      moddle: 6.2.3
      saxen: 8.1.2

  moddle@6.2.3:
    dependencies:
      min-dash: 4.2.3

  nanoid@3.3.11: {}

  object-refs@0.3.0: {}

  path-intersection@2.2.1: {}

  picocolors@1.1.1: {}

  postcss@8.5.6:
    dependencies:
      nanoid: 3.3.11
      picocolors: 1.1.1
      source-map-js: 1.2.1

  preact@10.28.4: {}

  rollup@4.57.1:
    dependencies:
      '@types/estree': 1.0.8
    optionalDependencies:
      '@rollup/rollup-android-arm-eabi': 4.57.1
      '@rollup/rollup-android-arm64': 4.57.1
      '@rollup/rollup-darwin-arm64': 4.57.1
      '@rollup/rollup-darwin-x64': 4.57.1
      '@rollup/rollup-freebsd-arm64': 4.57.1
      '@rollup/rollup-freebsd-x64': 4.57.1
      '@rollup/rollup-linux-arm-gnueabihf': 4.57.1
      '@rollup/rollup-linux-arm-musleabihf': 4.57.1
      '@rollup/rollup-linux-arm64-gnu': 4.57.1
      '@rollup/rollup-linux-arm64-musl': 4.57.1
      '@rollup/rollup-linux-loong64-gnu': 4.57.1
      '@rollup/rollup-linux-loong64-musl': 4.57.1
      '@rollup/rollup-linux-ppc64-gnu': 4.57.1
      '@rollup/rollup-linux-ppc64-musl': 4.57.1
      '@rollup/rollup-linux-riscv64-gnu': 4.57.1
      '@rollup/rollup-linux-riscv64-musl': 4.57.1
      '@rollup/rollup-linux-s390x-gnu': 4.57.1
      '@rollup/rollup-linux-x64-gnu': 4.57.1
      '@rollup/rollup-linux-x64-musl': 4.57.1
      '@rollup/rollup-openbsd-x64': 4.57.1
      '@rollup/rollup-openharmony-arm64': 4.57.1
      '@rollup/rollup-win32-arm64-msvc': 4.57.1
      '@rollup/rollup-win32-ia32-msvc': 4.57.1
      '@rollup/rollup-win32-x64-gnu': 4.57.1
      '@rollup/rollup-win32-x64-msvc': 4.57.1
      fsevents: 2.3.3

  saxen@8.1.2: {}

  source-map-js@1.2.1: {}

  style-mod@4.1.3: {}

  tabbable@6.4.0: {}

  ticky@1.0.1: {}

  tiny-svg@3.1.3: {}

  vite@5.4.21:
    dependencies:
      esbuild: 0.21.5
      postcss: 8.5.6
      rollup: 4.57.1
    optionalDependencies:
      fsevents: 2.3.3

  vue@3.5.28:
    dependencies:
      '@vue/compiler-dom': 3.5.28
      '@vue/compiler-sfc': 3.5.28
      '@vue/runtime-dom': 3.5.28
      '@vue/server-renderer': 3.5.28(vue@3.5.28)
      '@vue/shared': 3.5.28

  w3c-keyname@2.2.8: {}
